// !$*UTF8*$!
{
	archiveVersion = 1;
	classes = {
	};
	objectVersion = 46;
	objects = {

/* Begin PBXBuildFile section */
		528E8AF21EF0D98E00E29470 /* AppDelegate.swift in Sources */ = {isa = PBXBuildFile; fileRef = 528E8AF11EF0D98E00E29470 /* AppDelegate.swift */; };
		528E8AF71EF0D98E00E29470 /* Main.storyboard in Resources */ = {isa = PBXBuildFile; fileRef = 528E8AF51EF0D98E00E29470 /* Main.storyboard */; };
		528E8AF91EF0D98E00E29470 /* Assets.xcassets in Resources */ = {isa = PBXBuildFile; fileRef = 528E8AF81EF0D98E00E29470 /* Assets.xcassets */; };
		528E8AFC1EF0D98E00E29470 /* LaunchScreen.storyboard in Resources */ = {isa = PBXBuildFile; fileRef = 528E8AFA1EF0D98E00E29470 /* LaunchScreen.storyboard */; };
		528E8B0D1EF1A65200E29470 /* ReactiveCocoa.framework in Frameworks */ = {isa = PBXBuildFile; fileRef = 528E8B0A1EF1A65200E29470 /* ReactiveCocoa.framework */; };
		528E8B0E1EF1A65200E29470 /* ReactiveSwift.framework in Frameworks */ = {isa = PBXBuildFile; fileRef = 528E8B0B1EF1A65200E29470 /* ReactiveSwift.framework */; };
		528E8B0F1EF1A65200E29470 /* Result.framework in Frameworks */ = {isa = PBXBuildFile; fileRef = 528E8B0C1EF1A65200E29470 /* Result.framework */; };
/* End PBXBuildFile section */

/* Begin PBXFileReference section */
		528E8AEE1EF0D98E00E29470 /* ReactivePlaceholder.app */ = {isa = PBXFileReference; explicitFileType = wrapper.application; includeInIndex = 0; path = ReactivePlaceholder.app; sourceTree = BUILT_PRODUCTS_DIR; };
		528E8AF11EF0D98E00E29470 /* AppDelegate.swift */ = {isa = PBXFileReference; lastKnownFileType = sourcecode.swift; path = AppDelegate.swift; sourceTree = "<group>"; };
		528E8AF61EF0D98E00E29470 /* Base */ = {isa = PBXFileReference; lastKnownFileType = file.storyboard; name = Base; path = Base.lproj/Main.storyboard; sourceTree = "<group>"; };
		528E8AF81EF0D98E00E29470 /* Assets.xcassets */ = {isa = PBXFileReference; lastKnownFileType = folder.assetcatalog; path = Assets.xcassets; sourceTree = "<group>"; };
		528E8AFB1EF0D98E00E29470 /* Base */ = {isa = PBXFileReference; lastKnownFileType = file.storyboard; name = Base; path = Base.lproj/LaunchScreen.storyboard; sourceTree = "<group>"; };
		528E8AFD1EF0D98E00E29470 /* Info.plist */ = {isa = PBXFileReference; lastKnownFileType = text.plist.xml; path = Info.plist; sourceTree = "<group>"; };
		528E8B0A1EF1A65200E29470 /* ReactiveCocoa.framework */ = {isa = PBXFileReference; lastKnownFileType = wrapper.framework; name = ReactiveCocoa.framework; path = Carthage/Build/iOS/ReactiveCocoa.framework; sourceTree = "<group>"; };
		528E8B0B1EF1A65200E29470 /* ReactiveSwift.framework */ = {isa = PBXFileReference; lastKnownFileType = wrapper.framework; name = ReactiveSwift.framework; path = Carthage/Build/iOS/ReactiveSwift.framework; sourceTree = "<group>"; };
		528E8B0C1EF1A65200E29470 /* Result.framework */ = {isa = PBXFileReference; lastKnownFileType = wrapper.framework; name = Result.framework; path = Carthage/Build/iOS/Result.framework; sourceTree = "<group>"; };
/* End PBXFileReference section */

/* Begin PBXFrameworksBuildPhase section */
		528E8AEB1EF0D98E00E29470 /* Frameworks */ = {
			isa = PBXFrameworksBuildPhase;
			buildActionMask = 2147483647;
			files = (
				528E8B0F1EF1A65200E29470 /* Result.framework in Frameworks */,
				528E8B0D1EF1A65200E29470 /* ReactiveCocoa.framework in Frameworks */,
				528E8B0E1EF1A65200E29470 /* ReactiveSwift.framework in Frameworks */,
			);
			runOnlyForDeploymentPostprocessing = 0;
		};
/* End PBXFrameworksBuildPhase section */

/* Begin PBXGroup section */
		528E8AE51EF0D98D00E29470 = {
			isa = PBXGroup;
			children = (
				528E8B0A1EF1A65200E29470 /* ReactiveCocoa.framework */,
				528E8B0B1EF1A65200E29470 /* ReactiveSwift.framework */,
				528E8B0C1EF1A65200E29470 /* Result.framework */,
				528E8AF01EF0D98E00E29470 /* ReactivePlaceholder */,
				528E8AEF1EF0D98E00E29470 /* Products */,
			);
			sourceTree = "<group>";
		};
		528E8AEF1EF0D98E00E29470 /* Products */ = {
			isa = PBXGroup;
			children = (
				528E8AEE1EF0D98E00E29470 /* ReactivePlaceholder.app */,
			);
			name = Products;
			sourceTree = "<group>";
		};
		528E8AF01EF0D98E00E29470 /* ReactivePlaceholder */ = {
			isa = PBXGroup;
			children = (
				528E8AF11EF0D98E00E29470 /* AppDelegate.swift */,
				528E8AF51EF0D98E00E29470 /* Main.storyboard */,
				528E8AF81EF0D98E00E29470 /* Assets.xcassets */,
				528E8AFA1EF0D98E00E29470 /* LaunchScreen.storyboard */,
				528E8AFD1EF0D98E00E29470 /* Info.plist */,
			);
			path = ReactivePlaceholder;
			sourceTree = "<group>";
		};
/* End PBXGroup section */

/* Begin PBXNativeTarget section */
		528E8AED1EF0D98E00E29470 /* ReactivePlaceholder */ = {
			isa = PBXNativeTarget;
			buildConfigurationList = 528E8B001EF0D98E00E29470 /* Build configuration list for PBXNativeTarget "ReactivePlaceholder" */;
			buildPhases = (
				528E8AEA1EF0D98E00E29470 /* Sources */,
				528E8AEB1EF0D98E00E29470 /* Frameworks */,
				528E8AEC1EF0D98E00E29470 /* Resources */,
				528E8B091EF17A5700E29470 /* ShellScript */,
			);
			buildRules = (
			);
			dependencies = (
			);
			name = ReactivePlaceholder;
			productName = ReactivePlaceholder;
			productReference = 528E8AEE1EF0D98E00E29470 /* ReactivePlaceholder.app */;
			productType = "com.apple.product-type.application";
		};
/* End PBXNativeTarget section */

/* Begin PBXProject section */
		528E8AE61EF0D98E00E29470 /* Project object */ = {
			isa = PBXProject;
			attributes = {
				LastSwiftUpdateCheck = 0830;
				LastUpgradeCheck = 0830;
				ORGANIZATIONNAME = proxpero;
				TargetAttributes = {
					528E8AED1EF0D98E00E29470 = {
						CreatedOnToolsVersion = 8.3.3;
						DevelopmentTeam = 55SVD8WGE3;
						ProvisioningStyle = Automatic;
					};
				};
			};
			buildConfigurationList = 528E8AE91EF0D98E00E29470 /* Build configuration list for PBXProject "ReactivePlaceholder" */;
			compatibilityVersion = "Xcode 3.2";
			developmentRegion = English;
			hasScannedForEncodings = 0;
			knownRegions = (
				en,
				Base,
			);
			mainGroup = 528E8AE51EF0D98D00E29470;
			productRefGroup = 528E8AEF1EF0D98E00E29470 /* Products */;
			projectDirPath = "";
			projectRoot = "";
			targets = (
				528E8AED1EF0D98E00E29470 /* ReactivePlaceholder */,
			);
		};
/* End PBXProject section */

/* Begin PBXResourcesBuildPhase section */
		528E8AEC1EF0D98E00E29470 /* Resources */ = {
			isa = PBXResourcesBuildPhase;
			buildActionMask = 2147483647;
			files = (
				528E8AFC1EF0D98E00E29470 /* LaunchScreen.storyboard in Resources */,
				528E8AF91EF0D98E00E29470 /* Assets.xcassets in Resources */,
				528E8AF71EF0D98E00E29470 /* Main.storyboard in Resources */,
			);
			runOnlyForDeploymentPostprocessing = 0;
		};
/* End PBXResourcesBuildPhase section */

/* Begin PBXShellScriptBuildPhase section */
		528E8B091EF17A5700E29470 /* ShellScript */ = {
			isa = PBXShellScriptBuildPhase;
			buildActionMask = 2147483647;
			files = (
			);
			inputPaths = (
				"$(SRCROOT)/Carthage/Build/iOS/Result.framework",
				"$(SRCROOT)/Carthage/Build/iOS/ReactiveCocoa.framework",
				"$(SRCROOT)/Carthage/Build/iOS/ReactiveSwift.framework",
			);
			outputPaths = (
			);
			runOnlyForDeploymentPostprocessing = 0;
			shellPath = /bin/sh;
			shellScript = "/usr/local/bin/carthage copy-frameworks";
		};
/* End PBXShellScriptBuildPhase section */

/* Begin PBXSourcesBuildPhase section */
		528E8AEA1EF0D98E00E29470 /* Sources */ = {
			isa = PBXSourcesBuildPhase;
			buildActionMask = 2147483647;
			files = (
				528E8AF21EF0D98E00E29470 /* AppDelegate.swift in Sources */,
			);
			runOnlyForDeploymentPostprocessing = 0;
		};
/* End PBXSourcesBuildPhase section */

/* Begin PBXVariantGroup section */
		528E8AF51EF0D98E00E29470 /* Main.storyboard */ = {
			isa = PBXVariantGroup;
			children = (
				528E8AF61EF0D98E00E29470 /* Base */,
			);
			name = Main.storyboard;
			sourceTree = "<group>";
		};
		528E8AFA1EF0D98E00E29470 /* LaunchScreen.storyboard */ = {
			isa = PBXVariantGroup;
			children = (
				528E8AFB1EF0D98E00E29470 /* Base */,
			);
			name = LaunchScreen.storyboard;
			sourceTree = "<group>";
		};
/* End PBXVariantGroup section */

/* Begin XCBuildConfiguration section */
		528E8AFE1EF0D98E00E29470 /* Debug */ = {
			isa = XCBuildConfiguration;
			buildSettings = {
				ALWAYS_SEARCH_USER_PATHS = NO;
				CLANG_ANALYZER_NONNULL = YES;
				CLANG_ANALYZER_NUMBER_OBJECT_CONVERSION = YES_AGGRESSIVE;
				CLANG_CXX_LANGUAGE_STANDARD = "gnu++0x";
				CLANG_CXX_LIBRARY = "libc++";
				CLANG_ENABLE_MODULES = YES;
				CLANG_ENABLE_OBJC_ARC = YES;
				CLANG_WARN_BOOL_CONVERSION = YES;
				CLANG_WARN_CONSTANT_CONVERSION = YES;
				CLANG_WARN_DIRECT_OBJC_ISA_USAGE = YES_ERROR;
				CLANG_WARN_DOCUMENTATION_COMMENTS = YES;
				CLANG_WARN_EMPTY_BODY = YES;
				CLANG_WARN_ENUM_CONVERSION = YES;
				CLANG_WARN_INFINITE_RECURSION = YES;
				CLANG_WARN_INT_CONVERSION = YES;
				CLANG_WARN_OBJC_ROOT_CLASS = YES_ERROR;
				CLANG_WARN_SUSPICIOUS_MOVE = YES;
				CLANG_WARN_UNREACHABLE_CODE = YES;
				CLANG_WARN__DUPLICATE_METHOD_MATCH = YES;
				"CODE_SIGN_IDENTITY[sdk=iphoneos*]" = "iPhone Developer";
				COPY_PHASE_STRIP = NO;
				DEBUG_INFORMATION_FORMAT = dwarf;
				ENABLE_STRICT_OBJC_MSGSEND = YES;
				ENABLE_TESTABILITY = YES;
				GCC_C_LANGUAGE_STANDARD = gnu99;
				GCC_DYNAMIC_NO_PIC = NO;
				GCC_NO_COMMON_BLOCKS = YES;
				GCC_OPTIMIZATION_LEVEL = 0;
				GCC_PREPROCESSOR_DEFINITIONS = (
					"DEBUG=1",
					"$(inherited)",
				);
				GCC_WARN_64_TO_32_BIT_CONVERSION = YES;
				GCC_WARN_ABOUT_RETURN_TYPE = YES_ERROR;
				GCC_WARN_UNDECLARED_SELECTOR = YES;
				GCC_WARN_UNINITIALIZED_AUTOS = YES_AGGRESSIVE;
				GCC_WARN_UNUSED_FUNCTION = YES;
				GCC_WARN_UNUSED_VARIABLE = YES;
				IPHONEOS_DEPLOYMENT_TARGET = 10.3;
				MTL_ENABLE_DEBUG_INFO = YES;
				ONLY_ACTIVE_ARCH = YES;
				SDKROOT = iphoneos;
				SWIFT_ACTIVE_COMPILATION_CONDITIONS = DEBUG;
				SWIFT_OPTIMIZATION_LEVEL = "-Onone";
				TARGETED_DEVICE_FAMILY = "1,2";
			};
			name = Debug;
		};
		528E8AFF1EF0D98E00E29470 /* Release */ = {
			isa = XCBuildConfiguration;
			buildSettings = {
				ALWAYS_SEARCH_USER_PATHS = NO;
				CLANG_ANALYZER_NONNULL = YES;
				CLANG_ANALYZER_NUMBER_OBJECT_CONVERSION = YES_AGGRESSIVE;
				CLANG_CXX_LANGUAGE_STANDARD = "gnu++0x";
				CLANG_CXX_LIBRARY = "libc++";
				CLANG_ENABLE_MODULES = YES;
				CLANG_ENABLE_OBJC_ARC = YES;
				CLANG_WARN_BOOL_CONVERSION = YES;
				CLANG_WARN_CONSTANT_CONVERSION = YES;
				CLANG_WARN_DIRECT_OBJC_ISA_USAGE = YES_ERROR;
				CLANG_WARN_DOCUMENTATION_COMMENTS = YES;
				CLANG_WARN_EMPTY_BODY = YES;
				CLANG_WARN_ENUM_CONVERSION = YES;
				CLANG_WARN_INFINITE_RECURSION = YES;
				CLANG_WARN_INT_CONVERSION = YES;
				CLANG_WARN_OBJC_ROOT_CLASS = YES_ERROR;
				CLANG_WARN_SUSPICIOUS_MOVE = YES;
				CLANG_WARN_UNREACHABLE_CODE = YES;
				CLANG_WARN__DUPLICATE_METHOD_MATCH = YES;
				"CODE_SIGN_IDENTITY[sdk=iphoneos*]" = "iPhone Developer";
				COPY_PHASE_STRIP = NO;
				DEBUG_INFORMATION_FORMAT = "dwarf-with-dsym";
				ENABLE_NS_ASSERTIONS = NO;
				ENABLE_STRICT_OBJC_MSGSEND = YES;
				GCC_C_LANGUAGE_STANDARD = gnu99;
				GCC_NO_COMMON_BLOCKS = YES;
				GCC_WARN_64_TO_32_BIT_CONVERSION = YES;
				GCC_WARN_ABOUT_RETURN_TYPE = YES_ERROR;
				GCC_WARN_UNDECLARED_SELECTOR = YES;
				GCC_WARN_UNINITIALIZED_AUTOS = YES_AGGRESSIVE;
				GCC_WARN_UNUSED_FUNCTION = YES;
				GCC_WARN_UNUSED_VARIABLE = YES;
				IPHONEOS_DEPLOYMENT_TARGET = 10.3;
				MTL_ENABLE_DEBUG_INFO = NO;
				SDKROOT = iphoneos;
				SWIFT_OPTIMIZATION_LEVEL = "-Owholemodule";
				TARGETED_DEVICE_FAMILY = "1,2";
				VALIDATE_PRODUCT = YES;
			};
			name = Release;
		};
		528E8B011EF0D98E00E29470 /* Debug */ = {
			isa = XCBuildConfiguration;
			buildSettings = {
				ASSETCATALOG_COMPILER_APPICON_NAME = AppIcon;
				DEVELOPMENT_TEAM = 55SVD8WGE3;
				FRAMEWORK_SEARCH_PATHS = (
					"$(inherited)",
					"$(PROJECT_DIR)/Carthage/Build/iOS",
				);
				INFOPLIST_FILE = ReactivePlaceholder/Info.plist;
				LD_RUNPATH_SEARCH_PATHS = "$(inherited) @executable_path/Frameworks";
				PRODUCT_BUNDLE_IDENTIFIER = com.proxpero.ReactivePlaceholder;
				PRODUCT_NAME = "$(TARGET_NAME)";
				SWIFT_VERSION = 3.0;
			};
			name = Debug;
		};
		528E8B021EF0D98E00E29470 /* Release */ = {
			isa = XCBuildConfiguration;
			buildSettings = {
				ASSETCATALOG_COMPILER_APPICON_NAME = AppIcon;
				DEVELOPMENT_TEAM = 55SVD8WGE3;
				FRAMEWORK_SEARCH_PATHS = (
					"$(inherited)",
					"$(PROJECT_DIR)/Carthage/Build/iOS",
				);
				INFOPLIST_FILE = ReactivePlaceholder/Info.plist;
				LD_RUNPATH_SEARCH_PATHS = "$(inherited) @executable_path/Frameworks";
				PRODUCT_BUNDLE_IDENTIFIER = com.proxpero.ReactivePlaceholder;
				PRODUCT_NAME = "$(TARGET_NAME)";
				SWIFT_VERSION = 3.0;
			};
			name = Release;
		};
/* End XCBuildConfiguration section */

/* Begin XCConfigurationList section */
		528E8AE91EF0D98E00E29470 /* Build configuration list for PBXProject "ReactivePlaceholder" */ = {
			isa = XCConfigurationList;
			buildConfigurations = (
				528E8AFE1EF0D98E00E29470 /* Debug */,
				528E8AFF1EF0D98E00E29470 /* Release */,
			);
			defaultConfigurationIsVisible = 0;
			defaultConfigurationName = Release;
		};
		528E8B001EF0D98E00E29470 /* Build configuration list for PBXNativeTarget "ReactivePlaceholder" */ = {
			isa = XCConfigurationList;
			buildConfigurations = (
				528E8B011EF0D98E00E29470 /* Debug */,
				528E8B021EF0D98E00E29470 /* Release */,
			);
			defaultConfigurationIsVisible = 0;
		};
/* End XCConfigurationList section */
	};
	rootObject = 528E8AE61EF0D98E00E29470 /* Project object */;
}
